
Microsoft Visual Studio Solution File, Format Version 12.00
# Visual Studio 15
VisualStudioVersion = 15.0.27703.2026
MinimumVisualStudioVersion = 10.0.40219.1
Project("{FAE04EC0-301F-11D3-BF4B-00C04F79EFBC}") = "ATM_Machine", "ATM_Machine\ATM_Machine.csproj", "{1F17CD9D-C47C-4364-8B7A-C9670F09F9EE}"
EndProject
Global
	GlobalSection(SolutionConfigurationPlatforms) = preSolution
		Debug|Any CPU = Debug|Any CPU
		Release|Any CPU = Release|Any CPU
	EndGlobalSection
	GlobalSection(ProjectConfigurationPlatforms) = postSolution
		{1F17CD9D-C47C-4364-8B7A-C9670F09F9EE}.Debug|Any CPU.ActiveCfg = Debug|Any CPU
		{1F17CD9D-C47C-4364-8B7A-C9670F09F9EE}.Debug|Any CPU.Build.0 = Debug|Any CPU
		{1F17CD9D-C47C-4364-8B7A-C9670F09F9EE}.Release|Any CPU.ActiveCfg = Release|Any CPU
		{1F17CD9D-C47C-4364-8B7A-C9670F09F9EE}.Release|Any CPU.Build.0 = Release|Any CPU
	EndGlobalSection
	GlobalSection(SolutionProperties) = preSolution
		HideSolutionNode = FALSE
	EndGlobalSection
	GlobalSection(ExtensibilityGlobals) = postSolution
		SolutionGuid = {0D4645B9-221E-421D-84E6-6964C1D7E9AF}
	EndGlobalSection
EndGlobal
